
Microsoft Visual Studio Solution File, Format Version 12.00
# Visual Studio Version 16
VisualStudioVersion = 16.0.31613.86
MinimumVisualStudioVersion = 10.0.40219.1
Project("{8BC9CEB8-8B4A-11D0-8D11-00A0C91BC942}") = "Hw_07.12.22DD", "Hw_07.12.22DD\Hw_07.12.22DD.vcxproj", "{159F3A17-3072-4A43-8AAB-DA99F1CB2515}"
EndProject
Global
	GlobalSection(SolutionConfigurationPlatforms) = preSolution
		Debug|x64 = Debug|x64
		Debug|x86 = Debug|x86
		Release|x64 = Release|x64
		Release|x86 = Release|x86
	EndGlobalSection
	GlobalSection(ProjectConfigurationPlatforms) = postSolution
		{159F3A17-3072-4A43-8AAB-DA99F1CB2515}.Debug|x64.ActiveCfg = Debug|x64
		{159F3A17-3072-4A43-8AAB-DA99F1CB2515}.Debug|x64.Build.0 = Debug|x64
		{159F3A17-3072-4A43-8AAB-DA99F1CB2515}.Debug|x86.ActiveCfg = Debug|Win32
		{159F3A17-3072-4A43-8AAB-DA99F1CB2515}.Debug|x86.Build.0 = Debug|Win32
		{159F3A17-3072-4A43-8AAB-DA99F1CB2515}.Release|x64.ActiveCfg = Release|x64
		{159F3A17-3072-4A43-8AAB-DA99F1CB2515}.Release|x64.Build.0 = Release|x64
		{159F3A17-3072-4A43-8AAB-DA99F1CB2515}.Release|x86.ActiveCfg = Release|Win32
		{159F3A17-3072-4A43-8AAB-DA99F1CB2515}.Release|x86.Build.0 = Release|Win32
	EndGlobalSection
	GlobalSection(SolutionProperties) = preSolution
		HideSolutionNode = FALSE
	EndGlobalSection
	GlobalSection(ExtensibilityGlobals) = postSolution
		SolutionGuid = {4CF28DFE-C139-4BF5-9FDD-4CB4A4E09DFA}
	EndGlobalSection
EndGlobal
